
Microsoft Visual Studio Solution File, Format Version 12.00
# Visual Studio 2013
VisualStudioVersion = 12.0.21005.1
MinimumVisualStudioVersion = 10.0.40219.1
Project("{F2A71F9B-5D33-465A-A702-920D77279786}") = "Server", "Server\Server.fsproj", "{4487C6C4-1054-4A9A-9B17-04327688734A}"
EndProject
Project("{FAE04EC0-301F-11D3-BF4B-00C04F79EFBC}") = "WindowsFormsApplication1", "WindowsFormsApplication1\WindowsFormsApplication1.csproj", "{8D06FA19-1E43-494E-ACAD-FB7F7CF7AB84}"
EndProject
Project("{FAE04EC0-301F-11D3-BF4B-00C04F79EFBC}") = "SimpleChat", "SimpleChat\SimpleChat.csproj", "{4BC9FD29-B921-4711-BCB8-CAAF27CF4544}"
EndProject
Project("{F2A71F9B-5D33-465A-A702-920D77279786}") = "Client", "Client\Client.fsproj", "{973DEDB7-F835-4FA6-B7AF-1AB7A195285E}"
EndProject
Project("{F2A71F9B-5D33-465A-A702-920D77279786}") = "CommandInterpriter", "CommandInterpriter\CommandInterpriter.fsproj", "{2203ADC4-F12E-4BEB-AEB0-FE2B971F362E}"
EndProject
Global
	GlobalSection(SolutionConfigurationPlatforms) = preSolution
		Debug|Any CPU = Debug|Any CPU
		Debug|Mixed Platforms = Debug|Mixed Platforms
		Debug|x86 = Debug|x86
		Release|Any CPU = Release|Any CPU
		Release|Mixed Platforms = Release|Mixed Platforms
		Release|x86 = Release|x86
	EndGlobalSection
	GlobalSection(ProjectConfigurationPlatforms) = postSolution
		{4487C6C4-1054-4A9A-9B17-04327688734A}.Debug|Any CPU.ActiveCfg = Debug|x86
		{4487C6C4-1054-4A9A-9B17-04327688734A}.Debug|Mixed Platforms.ActiveCfg = Debug|x86
		{4487C6C4-1054-4A9A-9B17-04327688734A}.Debug|Mixed Platforms.Build.0 = Debug|x86
		{4487C6C4-1054-4A9A-9B17-04327688734A}.Debug|x86.ActiveCfg = Debug|x86
		{4487C6C4-1054-4A9A-9B17-04327688734A}.Debug|x86.Build.0 = Debug|x86
		{4487C6C4-1054-4A9A-9B17-04327688734A}.Release|Any CPU.ActiveCfg = Release|x86
		{4487C6C4-1054-4A9A-9B17-04327688734A}.Release|Mixed Platforms.ActiveCfg = Release|x86
		{4487C6C4-1054-4A9A-9B17-04327688734A}.Release|Mixed Platforms.Build.0 = Release|x86
		{4487C6C4-1054-4A9A-9B17-04327688734A}.Release|x86.ActiveCfg = Release|x86
		{4487C6C4-1054-4A9A-9B17-04327688734A}.Release|x86.Build.0 = Release|x86
		{8D06FA19-1E43-494E-ACAD-FB7F7CF7AB84}.Debug|Any CPU.ActiveCfg = Debug|x86
		{8D06FA19-1E43-494E-ACAD-FB7F7CF7AB84}.Debug|Mixed Platforms.ActiveCfg = Debug|x86
		{8D06FA19-1E43-494E-ACAD-FB7F7CF7AB84}.Debug|Mixed Platforms.Build.0 = Debug|x86
		{8D06FA19-1E43-494E-ACAD-FB7F7CF7AB84}.Debug|x86.ActiveCfg = Debug|x86
		{8D06FA19-1E43-494E-ACAD-FB7F7CF7AB84}.Debug|x86.Build.0 = Debug|x86
		{8D06FA19-1E43-494E-ACAD-FB7F7CF7AB84}.Release|Any CPU.ActiveCfg = Release|x86
		{8D06FA19-1E43-494E-ACAD-FB7F7CF7AB84}.Release|Mixed Platforms.ActiveCfg = Release|x86
		{8D06FA19-1E43-494E-ACAD-FB7F7CF7AB84}.Release|Mixed Platforms.Build.0 = Release|x86
		{8D06FA19-1E43-494E-ACAD-FB7F7CF7AB84}.Release|x86.ActiveCfg = Release|x86
		{8D06FA19-1E43-494E-ACAD-FB7F7CF7AB84}.Release|x86.Build.0 = Release|x86
		{4BC9FD29-B921-4711-BCB8-CAAF27CF4544}.Debug|Any CPU.ActiveCfg = Debug|x86
		{4BC9FD29-B921-4711-BCB8-CAAF27CF4544}.Debug|Mixed Platforms.ActiveCfg = Debug|x86
		{4BC9FD29-B921-4711-BCB8-CAAF27CF4544}.Debug|Mixed Platforms.Build.0 = Debug|x86
		{4BC9FD29-B921-4711-BCB8-CAAF27CF4544}.Debug|x86.ActiveCfg = Debug|x86
		{4BC9FD29-B921-4711-BCB8-CAAF27CF4544}.Debug|x86.Build.0 = Debug|x86
		{4BC9FD29-B921-4711-BCB8-CAAF27CF4544}.Release|Any CPU.ActiveCfg = Release|x86
		{4BC9FD29-B921-4711-BCB8-CAAF27CF4544}.Release|Mixed Platforms.ActiveCfg = Release|x86
		{4BC9FD29-B921-4711-BCB8-CAAF27CF4544}.Release|Mixed Platforms.Build.0 = Release|x86
		{4BC9FD29-B921-4711-BCB8-CAAF27CF4544}.Release|x86.ActiveCfg = Release|x86
		{4BC9FD29-B921-4711-BCB8-CAAF27CF4544}.Release|x86.Build.0 = Release|x86
		{973DEDB7-F835-4FA6-B7AF-1AB7A195285E}.Debug|Any CPU.ActiveCfg = Debug|x86
		{973DEDB7-F835-4FA6-B7AF-1AB7A195285E}.Debug|Mixed Platforms.ActiveCfg = Debug|x86
		{973DEDB7-F835-4FA6-B7AF-1AB7A195285E}.Debug|Mixed Platforms.Build.0 = Debug|x86
		{973DEDB7-F835-4FA6-B7AF-1AB7A195285E}.Debug|x86.ActiveCfg = Debug|x86
		{973DEDB7-F835-4FA6-B7AF-1AB7A195285E}.Debug|x86.Build.0 = Debug|x86
		{973DEDB7-F835-4FA6-B7AF-1AB7A195285E}.Release|Any CPU.ActiveCfg = Release|x86
		{973DEDB7-F835-4FA6-B7AF-1AB7A195285E}.Release|Mixed Platforms.ActiveCfg = Release|x86
		{973DEDB7-F835-4FA6-B7AF-1AB7A195285E}.Release|Mixed Platforms.Build.0 = Release|x86
		{973DEDB7-F835-4FA6-B7AF-1AB7A195285E}.Release|x86.ActiveCfg = Release|x86
		{973DEDB7-F835-4FA6-B7AF-1AB7A195285E}.Release|x86.Build.0 = Release|x86
		{2203ADC4-F12E-4BEB-AEB0-FE2B971F362E}.Debug|Any CPU.ActiveCfg = Debug|Any CPU
		{2203ADC4-F12E-4BEB-AEB0-FE2B971F362E}.Debug|Any CPU.Build.0 = Debug|Any CPU
		{2203ADC4-F12E-4BEB-AEB0-FE2B971F362E}.Debug|Mixed Platforms.ActiveCfg = Debug|Any CPU
		{2203ADC4-F12E-4BEB-AEB0-FE2B971F362E}.Debug|Mixed Platforms.Build.0 = Debug|Any CPU
		{2203ADC4-F12E-4BEB-AEB0-FE2B971F362E}.Debug|x86.ActiveCfg = Debug|Any CPU
		{2203ADC4-F12E-4BEB-AEB0-FE2B971F362E}.Release|Any CPU.ActiveCfg = Release|Any CPU
		{2203ADC4-F12E-4BEB-AEB0-FE2B971F362E}.Release|Any CPU.Build.0 = Release|Any CPU
		{2203ADC4-F12E-4BEB-AEB0-FE2B971F362E}.Release|Mixed Platforms.ActiveCfg = Release|Any CPU
		{2203ADC4-F12E-4BEB-AEB0-FE2B971F362E}.Release|Mixed Platforms.Build.0 = Release|Any CPU
		{2203ADC4-F12E-4BEB-AEB0-FE2B971F362E}.Release|x86.ActiveCfg = Release|Any CPU
	EndGlobalSection
	GlobalSection(SolutionProperties) = preSolution
		HideSolutionNode = FALSE
	EndGlobalSection
EndGlobal
